
Microsoft Visual Studio Solution File, Format Version 12.00
# Visual Studio 15
VisualStudioVersion = 15.0.34031.82
MinimumVisualStudioVersion = 10.0.40219.1
Project("{8BC9CEB8-8B4A-11D0-8D11-00A0C91BC942}") = "3.33", "3.33\3.33.vcxproj", "{F1B0E1DC-EB9C-4C29-ADF4-02C07AAFF4DD}"
EndProject
Global
	GlobalSection(SolutionConfigurationPlatforms) = preSolution
		Debug|x64 = Debug|x64
		Debug|x86 = Debug|x86
		Release|x64 = Release|x64
		Release|x86 = Release|x86
	EndGlobalSection
	GlobalSection(ProjectConfigurationPlatforms) = postSolution
		{F1B0E1DC-EB9C-4C29-ADF4-02C07AAFF4DD}.Debug|x64.ActiveCfg = Debug|x64
		{F1B0E1DC-EB9C-4C29-ADF4-02C07AAFF4DD}.Debug|x64.Build.0 = Debug|x64
		{F1B0E1DC-EB9C-4C29-ADF4-02C07AAFF4DD}.Debug|x86.ActiveCfg = Debug|Win32
		{F1B0E1DC-EB9C-4C29-ADF4-02C07AAFF4DD}.Debug|x86.Build.0 = Debug|Win32
		{F1B0E1DC-EB9C-4C29-ADF4-02C07AAFF4DD}.Release|x64.ActiveCfg = Release|x64
		{F1B0E1DC-EB9C-4C29-ADF4-02C07AAFF4DD}.Release|x64.Build.0 = Release|x64
		{F1B0E1DC-EB9C-4C29-ADF4-02C07AAFF4DD}.Release|x86.ActiveCfg = Release|Win32
		{F1B0E1DC-EB9C-4C29-ADF4-02C07AAFF4DD}.Release|x86.Build.0 = Release|Win32
	EndGlobalSection
	GlobalSection(SolutionProperties) = preSolution
		HideSolutionNode = FALSE
	EndGlobalSection
	GlobalSection(ExtensibilityGlobals) = postSolution
		SolutionGuid = {8377930A-5B9F-4689-9F43-A656C5B9FFFB}
	EndGlobalSection
EndGlobal
